
Microsoft Visual Studio Solution File, Format Version 12.00
# Visual Studio Version 16
VisualStudioVersion = 16.0.29613.14
MinimumVisualStudioVersion = 10.0.40219.1
Project("{FAE04EC0-301F-11D3-BF4B-00C04F79EFBC}") = "正则表达式", "正则表达式\正则表达式.csproj", "{ED5DB917-8859-4F87-BEDD-E555529149F7}"
EndProject
Project("{FAE04EC0-301F-11D3-BF4B-00C04F79EFBC}") = "一些方法", "一些方法\一些方法.csproj", "{687BB359-7AF3-4913-94B4-52BD00B219C8}"
EndProject
Project("{FAE04EC0-301F-11D3-BF4B-00C04F79EFBC}") = "Winform跨线程访问控件", "Winform跨线程访问控件\Winform跨线程访问控件.csproj", "{3BEC60AB-F929-4C22-BBA4-CC38F0D2500B}"
EndProject
Project("{FAE04EC0-301F-11D3-BF4B-00C04F79EFBC}") = "连接数据库", "连接数据库\连接数据库.csproj", "{ABE891E1-E2AD-447D-A7C9-65CD0F7E0E32}"
EndProject
Global
	GlobalSection(SolutionConfigurationPlatforms) = preSolution
		Debug|Any CPU = Debug|Any CPU
		Release|Any CPU = Release|Any CPU
	EndGlobalSection
	GlobalSection(ProjectConfigurationPlatforms) = postSolution
		{ED5DB917-8859-4F87-BEDD-E555529149F7}.Debug|Any CPU.ActiveCfg = Debug|Any CPU
		{ED5DB917-8859-4F87-BEDD-E555529149F7}.Debug|Any CPU.Build.0 = Debug|Any CPU
		{ED5DB917-8859-4F87-BEDD-E555529149F7}.Release|Any CPU.ActiveCfg = Release|Any CPU
		{ED5DB917-8859-4F87-BEDD-E555529149F7}.Release|Any CPU.Build.0 = Release|Any CPU
		{687BB359-7AF3-4913-94B4-52BD00B219C8}.Debug|Any CPU.ActiveCfg = Debug|Any CPU
		{687BB359-7AF3-4913-94B4-52BD00B219C8}.Debug|Any CPU.Build.0 = Debug|Any CPU
		{687BB359-7AF3-4913-94B4-52BD00B219C8}.Release|Any CPU.ActiveCfg = Release|Any CPU
		{687BB359-7AF3-4913-94B4-52BD00B219C8}.Release|Any CPU.Build.0 = Release|Any CPU
		{3BEC60AB-F929-4C22-BBA4-CC38F0D2500B}.Debug|Any CPU.ActiveCfg = Debug|Any CPU
		{3BEC60AB-F929-4C22-BBA4-CC38F0D2500B}.Debug|Any CPU.Build.0 = Debug|Any CPU
		{3BEC60AB-F929-4C22-BBA4-CC38F0D2500B}.Release|Any CPU.ActiveCfg = Release|Any CPU
		{3BEC60AB-F929-4C22-BBA4-CC38F0D2500B}.Release|Any CPU.Build.0 = Release|Any CPU
		{ABE891E1-E2AD-447D-A7C9-65CD0F7E0E32}.Debug|Any CPU.ActiveCfg = Debug|Any CPU
		{ABE891E1-E2AD-447D-A7C9-65CD0F7E0E32}.Debug|Any CPU.Build.0 = Debug|Any CPU
		{ABE891E1-E2AD-447D-A7C9-65CD0F7E0E32}.Release|Any CPU.ActiveCfg = Release|Any CPU
		{ABE891E1-E2AD-447D-A7C9-65CD0F7E0E32}.Release|Any CPU.Build.0 = Release|Any CPU
	EndGlobalSection
	GlobalSection(SolutionProperties) = preSolution
		HideSolutionNode = FALSE
	EndGlobalSection
	GlobalSection(ExtensibilityGlobals) = postSolution
		SolutionGuid = {45A9AD7C-2933-40DF-A3EE-DEFB51E2C00E}
	EndGlobalSection
EndGlobal
